// !$*UTF8*$!
{
	archiveVersion = 1;
	classes = {
	};
	objectVersion = 48;
	objects = {

/* Begin PBXBuildFile section */
		05A7242F1FB6047C00F06574 /* AppDelegate.swift in Sources */ = {isa = PBXBuildFile; fileRef = 05A7242E1FB6047C00F06574 /* AppDelegate.swift */; };
		05A724311FB6047C00F06574 /* HomeViewController.swift in Sources */ = {isa = PBXBuildFile; fileRef = 05A724301FB6047C00F06574 /* HomeViewController.swift */; };
		05A724341FB6047C00F06574 /* Main.storyboard in Resources */ = {isa = PBXBuildFile; fileRef = 05A724321FB6047C00F06574 /* Main.storyboard */; };
		05A724371FB6047C00F06574 /* Assignment_Chart.xcdatamodeld in Sources */ = {isa = PBXBuildFile; fileRef = 05A724351FB6047C00F06574 /* Assignment_Chart.xcdatamodeld */; };
		05A724391FB6047C00F06574 /* Assets.xcassets in Resources */ = {isa = PBXBuildFile; fileRef = 05A724381FB6047C00F06574 /* Assets.xcassets */; };
		05A7243C1FB6047C00F06574 /* LaunchScreen.storyboard in Resources */ = {isa = PBXBuildFile; fileRef = 05A7243A1FB6047C00F06574 /* LaunchScreen.storyboard */; };
		05A724481FB6CF4600F06574 /* ARPieChart.swift in Sources */ = {isa = PBXBuildFile; fileRef = 05A724471FB6CF4600F06574 /* ARPieChart.swift */; };
		119E2B3FFBEFE6402C26713D /* Pods_Assignment_Chart.framework in Frameworks */ = {isa = PBXBuildFile; fileRef = 788460B4FB2F184A5919392E /* Pods_Assignment_Chart.framework */; };
		4D7BC1B7061608926798E227 /* PiedataModel.swift in Sources */ = {isa = PBXBuildFile; fileRef = 4D7BC299F4BDCED751102E42 /* PiedataModel.swift */; };
		4D7BC442CC6C3C5C68577916 /* Names.swift in Sources */ = {isa = PBXBuildFile; fileRef = 4D7BCE0C04AC47E750E35C13 /* Names.swift */; };
		4D7BC67B3A8492425C6C313B /* ChartFilled.swift in Sources */ = {isa = PBXBuildFile; fileRef = 4D7BCD84FC096DDF98D7078F /* ChartFilled.swift */; };
/* End PBXBuildFile section */

/* Begin PBXFileReference section */
		05A7242B1FB6047C00F06574 /* Assignment Chart.app */ = {isa = PBXFileReference; explicitFileType = wrapper.application; includeInIndex = 0; path = "Assignment Chart.app"; sourceTree = BUILT_PRODUCTS_DIR; };
		05A7242E1FB6047C00F06574 /* AppDelegate.swift */ = {isa = PBXFileReference; lastKnownFileType = sourcecode.swift; path = AppDelegate.swift; sourceTree = "<group>"; };
		05A724301FB6047C00F06574 /* HomeViewController.swift */ = {isa = PBXFileReference; lastKnownFileType = sourcecode.swift; path = HomeViewController.swift; sourceTree = "<group>"; };
		05A724331FB6047C00F06574 /* Base */ = {isa = PBXFileReference; lastKnownFileType = file.storyboard; name = Base; path = Base.lproj/Main.storyboard; sourceTree = "<group>"; };
		05A724361FB6047C00F06574 /* Assignment_Chart.xcdatamodel */ = {isa = PBXFileReference; lastKnownFileType = wrapper.xcdatamodel; path = Assignment_Chart.xcdatamodel; sourceTree = "<group>"; };
		05A724381FB6047C00F06574 /* Assets.xcassets */ = {isa = PBXFileReference; lastKnownFileType = folder.assetcatalog; path = Assets.xcassets; sourceTree = "<group>"; };
		05A7243B1FB6047C00F06574 /* Base */ = {isa = PBXFileReference; lastKnownFileType = file.storyboard; name = Base; path = Base.lproj/LaunchScreen.storyboard; sourceTree = "<group>"; };
		05A7243D1FB6047C00F06574 /* Info.plist */ = {isa = PBXFileReference; lastKnownFileType = text.plist.xml; path = Info.plist; sourceTree = "<group>"; };
		05A724471FB6CF4600F06574 /* ARPieChart.swift */ = {isa = PBXFileReference; fileEncoding = 4; lastKnownFileType = sourcecode.swift; path = ARPieChart.swift; sourceTree = "<group>"; };
		1DE229B778E4FD0907CBE6D9 /* Pods-Assignment Chart.release.xcconfig */ = {isa = PBXFileReference; includeInIndex = 1; lastKnownFileType = text.xcconfig; name = "Pods-Assignment Chart.release.xcconfig"; path = "Pods/Target Support Files/Pods-Assignment Chart/Pods-Assignment Chart.release.xcconfig"; sourceTree = "<group>"; };
		4D7BC299F4BDCED751102E42 /* PiedataModel.swift */ = {isa = PBXFileReference; fileEncoding = 4; lastKnownFileType = sourcecode.swift; path = PiedataModel.swift; sourceTree = "<group>"; };
		4D7BCD84FC096DDF98D7078F /* ChartFilled.swift */ = {isa = PBXFileReference; fileEncoding = 4; lastKnownFileType = sourcecode.swift; path = ChartFilled.swift; sourceTree = "<group>"; };
		4D7BCE0C04AC47E750E35C13 /* Names.swift */ = {isa = PBXFileReference; fileEncoding = 4; lastKnownFileType = sourcecode.swift; path = Names.swift; sourceTree = "<group>"; };
		788460B4FB2F184A5919392E /* Pods_Assignment_Chart.framework */ = {isa = PBXFileReference; explicitFileType = wrapper.framework; includeInIndex = 0; path = Pods_Assignment_Chart.framework; sourceTree = BUILT_PRODUCTS_DIR; };
		F1A9EA6247DD3F05572E81B5 /* Pods-Assignment Chart.debug.xcconfig */ = {isa = PBXFileReference; includeInIndex = 1; lastKnownFileType = text.xcconfig; name = "Pods-Assignment Chart.debug.xcconfig"; path = "Pods/Target Support Files/Pods-Assignment Chart/Pods-Assignment Chart.debug.xcconfig"; sourceTree = "<group>"; };
/* End PBXFileReference section */

/* Begin PBXFrameworksBuildPhase section */
		05A724281FB6047C00F06574 /* Frameworks */ = {
			isa = PBXFrameworksBuildPhase;
			buildActionMask = 2147483647;
			files = (
				119E2B3FFBEFE6402C26713D /* Pods_Assignment_Chart.framework in Frameworks */,
			);
			runOnlyForDeploymentPostprocessing = 0;
		};
/* End PBXFrameworksBuildPhase section */

/* Begin PBXGroup section */
		05A724221FB6047C00F06574 = {
			isa = PBXGroup;
			children = (
				05A7242D1FB6047C00F06574 /* Assignment Chart */,
				05A7242C1FB6047C00F06574 /* Products */,
				25368F4F1464EFB5EFA598CD /* Pods */,
				82617EAA518479D6D749F54D /* Frameworks */,
			);
			sourceTree = "<group>";
		};
		05A7242C1FB6047C00F06574 /* Products */ = {
			isa = PBXGroup;
			children = (
				05A7242B1FB6047C00F06574 /* Assignment Chart.app */,
			);
			name = Products;
			sourceTree = "<group>";
		};
		05A7242D1FB6047C00F06574 /* Assignment Chart */ = {
			isa = PBXGroup;
			children = (
				05A7242E1FB6047C00F06574 /* AppDelegate.swift */,
				05A724471FB6CF4600F06574 /* ARPieChart.swift */,
				05A724301FB6047C00F06574 /* HomeViewController.swift */,
				05A724321FB6047C00F06574 /* Main.storyboard */,
				05A724381FB6047C00F06574 /* Assets.xcassets */,
				05A7243A1FB6047C00F06574 /* LaunchScreen.storyboard */,
				05A7243D1FB6047C00F06574 /* Info.plist */,
				05A724351FB6047C00F06574 /* Assignment_Chart.xcdatamodeld */,
				4D7BC299F4BDCED751102E42 /* PiedataModel.swift */,
				4D7BCD84FC096DDF98D7078F /* ChartFilled.swift */,
				4D7BCE0C04AC47E750E35C13 /* Names.swift */,
			);
			path = "Assignment Chart";
			sourceTree = "<group>";
		};
		25368F4F1464EFB5EFA598CD /* Pods */ = {
			isa = PBXGroup;
			children = (
				F1A9EA6247DD3F05572E81B5 /* Pods-Assignment Chart.debug.xcconfig */,
				1DE229B778E4FD0907CBE6D9 /* Pods-Assignment Chart.release.xcconfig */,
			);
			name = Pods;
			sourceTree = "<group>";
		};
		82617EAA518479D6D749F54D /* Frameworks */ = {
			isa = PBXGroup;
			children = (
				788460B4FB2F184A5919392E /* Pods_Assignment_Chart.framework */,
			);
			name = Frameworks;
			sourceTree = "<group>";
		};
/* End PBXGroup section */

/* Begin PBXNativeTarget section */
		05A7242A1FB6047C00F06574 /* Assignment Chart */ = {
			isa = PBXNativeTarget;
			buildConfigurationList = 05A724401FB6047C00F06574 /* Build configuration list for PBXNativeTarget "Assignment Chart" */;
			buildPhases = (
				A313833098A17FF47FEA70DF /* [CP] Check Pods Manifest.lock */,
				05A724271FB6047C00F06574 /* Sources */,
				05A724281FB6047C00F06574 /* Frameworks */,
				05A724291FB6047C00F06574 /* Resources */,
				6BD9AE8D2B015E134F5F6F9B /* [CP] Embed Pods Frameworks */,
				4758A387389D97984D6AC109 /* [CP] Copy Pods Resources */,
			);
			buildRules = (
			);
			dependencies = (
			);
			name = "Assignment Chart";
			productName = "Assignment Chart";
			productReference = 05A7242B1FB6047C00F06574 /* Assignment Chart.app */;
			productType = "com.apple.product-type.application";
		};
/* End PBXNativeTarget section */

/* Begin PBXProject section */
		05A724231FB6047C00F06574 /* Project object */ = {
			isa = PBXProject;
			attributes = {
				LastSwiftUpdateCheck = 0910;
				LastUpgradeCheck = 0910;
				ORGANIZATIONNAME = thedancho;
				TargetAttributes = {
					05A7242A1FB6047C00F06574 = {
						CreatedOnToolsVersion = 9.1;
						ProvisioningStyle = Automatic;
					};
				};
			};
			buildConfigurationList = 05A724261FB6047C00F06574 /* Build configuration list for PBXProject "Assignment Chart" */;
			compatibilityVersion = "Xcode 8.0";
			developmentRegion = en;
			hasScannedForEncodings = 0;
			knownRegions = (
				en,
				Base,
			);
			mainGroup = 05A724221FB6047C00F06574;
			productRefGroup = 05A7242C1FB6047C00F06574 /* Products */;
			projectDirPath = "";
			projectRoot = "";
			targets = (
				05A7242A1FB6047C00F06574 /* Assignment Chart */,
			);
		};
/* End PBXProject section */

/* Begin PBXResourcesBuildPhase section */
		05A724291FB6047C00F06574 /* Resources */ = {
			isa = PBXResourcesBuildPhase;
			buildActionMask = 2147483647;
			files = (
				05A7243C1FB6047C00F06574 /* LaunchScreen.storyboard in Resources */,
				05A724391FB6047C00F06574 /* Assets.xcassets in Resources */,
				05A724341FB6047C00F06574 /* Main.storyboard in Resources */,
			);
			runOnlyForDeploymentPostprocessing = 0;
		};
/* End PBXResourcesBuildPhase section */

/* Begin PBXShellScriptBuildPhase section */
		4758A387389D97984D6AC109 /* [CP] Copy Pods Resources */ = {
			isa = PBXShellScriptBuildPhase;
			buildActionMask = 2147483647;
			files = (
			);
			inputPaths = (
			);
			name = "[CP] Copy Pods Resources";
			outputPaths = (
			);
			runOnlyForDeploymentPostprocessing = 0;
			shellPath = /bin/sh;
			shellScript = "\"${SRCROOT}/Pods/Target Support Files/Pods-Assignment Chart/Pods-Assignment Chart-resources.sh\"\n";
			showEnvVarsInLog = 0;
		};
		6BD9AE8D2B015E134F5F6F9B /* [CP] Embed Pods Frameworks */ = {
			isa = PBXShellScriptBuildPhase;
			buildActionMask = 2147483647;
			files = (
			);
			inputPaths = (
				"${SRCROOT}/Pods/Target Support Files/Pods-Assignment Chart/Pods-Assignment Chart-frameworks.sh",
				"${BUILT_PRODUCTS_DIR}/SwiftChart/SwiftChart.framework",
			);
			name = "[CP] Embed Pods Frameworks";
			outputPaths = (
				"${TARGET_BUILD_DIR}/${FRAMEWORKS_FOLDER_PATH}/SwiftChart.framework",
			);
			runOnlyForDeploymentPostprocessing = 0;
			shellPath = /bin/sh;
			shellScript = "\"${SRCROOT}/Pods/Target Support Files/Pods-Assignment Chart/Pods-Assignment Chart-frameworks.sh\"\n";
			showEnvVarsInLog = 0;
		};
		A313833098A17FF47FEA70DF /* [CP] Check Pods Manifest.lock */ = {
			isa = PBXShellScriptBuildPhase;
			buildActionMask = 2147483647;
			files = (
			);
			inputPaths = (
				"${PODS_PODFILE_DIR_PATH}/Podfile.lock",
				"${PODS_ROOT}/Manifest.lock",
			);
			name = "[CP] Check Pods Manifest.lock";
			outputPaths = (
				"$(DERIVED_FILE_DIR)/Pods-Assignment Chart-checkManifestLockResult.txt",
			);
			runOnlyForDeploymentPostprocessing = 0;
			shellPath = /bin/sh;
			shellScript = "diff \"${PODS_PODFILE_DIR_PATH}/Podfile.lock\" \"${PODS_ROOT}/Manifest.lock\" > /dev/null\nif [ $? != 0 ] ; then\n    # print error to STDERR\n    echo \"error: The sandbox is not in sync with the Podfile.lock. Run 'pod install' or update your CocoaPods installation.\" >&2\n    exit 1\nfi\n# This output is used by Xcode 'outputs' to avoid re-running this script phase.\necho \"SUCCESS\" > \"${SCRIPT_OUTPUT_FILE_0}\"\n";
			showEnvVarsInLog = 0;
		};
/* End PBXShellScriptBuildPhase section */

/* Begin PBXSourcesBuildPhase section */
		05A724271FB6047C00F06574 /* Sources */ = {
			isa = PBXSourcesBuildPhase;
			buildActionMask = 2147483647;
			files = (
				05A724371FB6047C00F06574 /* Assignment_Chart.xcdatamodeld in Sources */,
				05A724311FB6047C00F06574 /* HomeViewController.swift in Sources */,
				05A7242F1FB6047C00F06574 /* AppDelegate.swift in Sources */,
				05A724481FB6CF4600F06574 /* ARPieChart.swift in Sources */,
				4D7BC1B7061608926798E227 /* PiedataModel.swift in Sources */,
				4D7BC67B3A8492425C6C313B /* ChartFilled.swift in Sources */,
				4D7BC442CC6C3C5C68577916 /* Names.swift in Sources */,
			);
			runOnlyForDeploymentPostprocessing = 0;
		};
/* End PBXSourcesBuildPhase section */

/* Begin PBXVariantGroup section */
		05A724321FB6047C00F06574 /* Main.storyboard */ = {
			isa = PBXVariantGroup;
			children = (
				05A724331FB6047C00F06574 /* Base */,
			);
			name = Main.storyboard;
			sourceTree = "<group>";
		};
		05A7243A1FB6047C00F06574 /* LaunchScreen.storyboard */ = {
			isa = PBXVariantGroup;
			children = (
				05A7243B1FB6047C00F06574 /* Base */,
			);
			name = LaunchScreen.storyboard;
			sourceTree = "<group>";
		};
/* End PBXVariantGroup section */

/* Begin XCBuildConfiguration section */
		05A7243E1FB6047C00F06574 /* Debug */ = {
			isa = XCBuildConfiguration;
			buildSettings = {
				ALWAYS_SEARCH_USER_PATHS = NO;
				CLANG_ANALYZER_NONNULL = YES;
				CLANG_ANALYZER_NUMBER_OBJECT_CONVERSION = YES_AGGRESSIVE;
				CLANG_CXX_LANGUAGE_STANDARD = "gnu++14";
				CLANG_CXX_LIBRARY = "libc++";
				CLANG_ENABLE_MODULES = YES;
				CLANG_ENABLE_OBJC_ARC = YES;
				CLANG_WARN_BLOCK_CAPTURE_AUTORELEASING = YES;
				CLANG_WARN_BOOL_CONVERSION = YES;
				CLANG_WARN_COMMA = YES;
				CLANG_WARN_CONSTANT_CONVERSION = YES;
				CLANG_WARN_DIRECT_OBJC_ISA_USAGE = YES_ERROR;
				CLANG_WARN_DOCUMENTATION_COMMENTS = YES;
				CLANG_WARN_EMPTY_BODY = YES;
				CLANG_WARN_ENUM_CONVERSION = YES;
				CLANG_WARN_INFINITE_RECURSION = YES;
				CLANG_WARN_INT_CONVERSION = YES;
				CLANG_WARN_NON_LITERAL_NULL_CONVERSION = YES;
				CLANG_WARN_OBJC_LITERAL_CONVERSION = YES;
				CLANG_WARN_OBJC_ROOT_CLASS = YES_ERROR;
				CLANG_WARN_RANGE_LOOP_ANALYSIS = YES;
				CLANG_WARN_STRICT_PROTOTYPES = YES;
				CLANG_WARN_SUSPICIOUS_MOVE = YES;
				CLANG_WARN_UNGUARDED_AVAILABILITY = YES_AGGRESSIVE;
				CLANG_WARN_UNREACHABLE_CODE = YES;
				CLANG_WARN__DUPLICATE_METHOD_MATCH = YES;
				CODE_SIGN_IDENTITY = "iPhone Developer";
				COPY_PHASE_STRIP = NO;
				DEBUG_INFORMATION_FORMAT = dwarf;
				ENABLE_STRICT_OBJC_MSGSEND = YES;
				ENABLE_TESTABILITY = YES;
				GCC_C_LANGUAGE_STANDARD = gnu11;
				GCC_DYNAMIC_NO_PIC = NO;
				GCC_NO_COMMON_BLOCKS = YES;
				GCC_OPTIMIZATION_LEVEL = 0;
				GCC_PREPROCESSOR_DEFINITIONS = (
					"DEBUG=1",
					"$(inherited)",
				);
				GCC_WARN_64_TO_32_BIT_CONVERSION = YES;
				GCC_WARN_ABOUT_RETURN_TYPE = YES_ERROR;
				GCC_WARN_UNDECLARED_SELECTOR = YES;
				GCC_WARN_UNINITIALIZED_AUTOS = YES_AGGRESSIVE;
				GCC_WARN_UNUSED_FUNCTION = YES;
				GCC_WARN_UNUSED_VARIABLE = YES;
				IPHONEOS_DEPLOYMENT_TARGET = 11.1;
				MTL_ENABLE_DEBUG_INFO = YES;
				ONLY_ACTIVE_ARCH = YES;
				SDKROOT = iphoneos;
				SWIFT_ACTIVE_COMPILATION_CONDITIONS = DEBUG;
				SWIFT_OPTIMIZATION_LEVEL = "-Onone";
			};
			name = Debug;
		};
		05A7243F1FB6047C00F06574 /* Release */ = {
			isa = XCBuildConfiguration;
			buildSettings = {
				ALWAYS_SEARCH_USER_PATHS = NO;
				CLANG_ANALYZER_NONNULL = YES;
				CLANG_ANALYZER_NUMBER_OBJECT_CONVERSION = YES_AGGRESSIVE;
				CLANG_CXX_LANGUAGE_STANDARD = "gnu++14";
				CLANG_CXX_LIBRARY = "libc++";
				CLANG_ENABLE_MODULES = YES;
				CLANG_ENABLE_OBJC_ARC = YES;
				CLANG_WARN_BLOCK_CAPTURE_AUTORELEASING = YES;
				CLANG_WARN_BOOL_CONVERSION = YES;
				CLANG_WARN_COMMA = YES;
				CLANG_WARN_CONSTANT_CONVERSION = YES;
				CLANG_WARN_DIRECT_OBJC_ISA_USAGE = YES_ERROR;
				CLANG_WARN_DOCUMENTATION_COMMENTS = YES;
				CLANG_WARN_EMPTY_BODY = YES;
				CLANG_WARN_ENUM_CONVERSION = YES;
				CLANG_WARN_INFINITE_RECURSION = YES;
				CLANG_WARN_INT_CONVERSION = YES;
				CLANG_WARN_NON_LITERAL_NULL_CONVERSION = YES;
				CLANG_WARN_OBJC_LITERAL_CONVERSION = YES;
				CLANG_WARN_OBJC_ROOT_CLASS = YES_ERROR;
				CLANG_WARN_RANGE_LOOP_ANALYSIS = YES;
				CLANG_WARN_STRICT_PROTOTYPES = YES;
				CLANG_WARN_SUSPICIOUS_MOVE = YES;
				CLANG_WARN_UNGUARDED_AVAILABILITY = YES_AGGRESSIVE;
				CLANG_WARN_UNREACHABLE_CODE = YES;
				CLANG_WARN__DUPLICATE_METHOD_MATCH = YES;
				CODE_SIGN_IDENTITY = "iPhone Developer";
				COPY_PHASE_STRIP = NO;
				DEBUG_INFORMATION_FORMAT = "dwarf-with-dsym";
				ENABLE_NS_ASSERTIONS = NO;
				ENABLE_STRICT_OBJC_MSGSEND = YES;
				GCC_C_LANGUAGE_STANDARD = gnu11;
				GCC_NO_COMMON_BLOCKS = YES;
				GCC_WARN_64_TO_32_BIT_CONVERSION = YES;
				GCC_WARN_ABOUT_RETURN_TYPE = YES_ERROR;
				GCC_WARN_UNDECLARED_SELECTOR = YES;
				GCC_WARN_UNINITIALIZED_AUTOS = YES_AGGRESSIVE;
				GCC_WARN_UNUSED_FUNCTION = YES;
				GCC_WARN_UNUSED_VARIABLE = YES;
				IPHONEOS_DEPLOYMENT_TARGET = 11.1;
				MTL_ENABLE_DEBUG_INFO = NO;
				SDKROOT = iphoneos;
				SWIFT_OPTIMIZATION_LEVEL = "-Owholemodule";
				VALIDATE_PRODUCT = YES;
			};
			name = Release;
		};
		05A724411FB6047C00F06574 /* Debug */ = {
			isa = XCBuildConfiguration;
			baseConfigurationReference = F1A9EA6247DD3F05572E81B5 /* Pods-Assignment Chart.debug.xcconfig */;
			buildSettings = {
				ASSETCATALOG_COMPILER_APPICON_NAME = AppIcon;
				CODE_SIGN_STYLE = Automatic;
				DEVELOPMENT_TEAM = XNXHE58JZT;
				INFOPLIST_FILE = "Assignment Chart/Info.plist";
				LD_RUNPATH_SEARCH_PATHS = "$(inherited) @executable_path/Frameworks";
				PRODUCT_BUNDLE_IDENTIFIER = "com.thedancho.Assignment-Chart";
				PRODUCT_NAME = "$(TARGET_NAME)";
				SWIFT_VERSION = 3.0;
				TARGETED_DEVICE_FAMILY = "1,2";
			};
			name = Debug;
		};
		05A724421FB6047C00F06574 /* Release */ = {
			isa = XCBuildConfiguration;
			baseConfigurationReference = 1DE229B778E4FD0907CBE6D9 /* Pods-Assignment Chart.release.xcconfig */;
			buildSettings = {
				ASSETCATALOG_COMPILER_APPICON_NAME = AppIcon;
				CODE_SIGN_STYLE = Automatic;
				DEVELOPMENT_TEAM = XNXHE58JZT;
				INFOPLIST_FILE = "Assignment Chart/Info.plist";
				LD_RUNPATH_SEARCH_PATHS = "$(inherited) @executable_path/Frameworks";
				PRODUCT_BUNDLE_IDENTIFIER = "com.thedancho.Assignment-Chart";
				PRODUCT_NAME = "$(TARGET_NAME)";
				SWIFT_VERSION = 3.0;
				TARGETED_DEVICE_FAMILY = "1,2";
			};
			name = Release;
		};
/* End XCBuildConfiguration section */

/* Begin XCConfigurationList section */
		05A724261FB6047C00F06574 /* Build configuration list for PBXProject "Assignment Chart" */ = {
			isa = XCConfigurationList;
			buildConfigurations = (
				05A7243E1FB6047C00F06574 /* Debug */,
				05A7243F1FB6047C00F06574 /* Release */,
			);
			defaultConfigurationIsVisible = 0;
			defaultConfigurationName = Release;
		};
		05A724401FB6047C00F06574 /* Build configuration list for PBXNativeTarget "Assignment Chart" */ = {
			isa = XCConfigurationList;
			buildConfigurations = (
				05A724411FB6047C00F06574 /* Debug */,
				05A724421FB6047C00F06574 /* Release */,
			);
			defaultConfigurationIsVisible = 0;
			defaultConfigurationName = Release;
		};
/* End XCConfigurationList section */

/* Begin XCVersionGroup section */
		05A724351FB6047C00F06574 /* Assignment_Chart.xcdatamodeld */ = {
			isa = XCVersionGroup;
			children = (
				05A724361FB6047C00F06574 /* Assignment_Chart.xcdatamodel */,
			);
			currentVersion = 05A724361FB6047C00F06574 /* Assignment_Chart.xcdatamodel */;
			path = Assignment_Chart.xcdatamodeld;
			sourceTree = "<group>";
			versionGroupType = wrapper.xcdatamodel;
		};
/* End XCVersionGroup section */
	};
	rootObject = 05A724231FB6047C00F06574 /* Project object */;
}
